// !$*UTF8*$!
{
	archiveVersion = 1;
	classes = {
	};
	objectVersion = 46;
	objects = {

/* Begin PBXBuildFile section */
		404009A11E2A658400DD6C39 /* AppDelegate.swift in Sources */ = {isa = PBXBuildFile; fileRef = 404009A01E2A658400DD6C39 /* AppDelegate.swift */; };
		404009A31E2A658400DD6C39 /* ViewController.swift in Sources */ = {isa = PBXBuildFile; fileRef = 404009A21E2A658400DD6C39 /* ViewController.swift */; };
		404009A61E2A658400DD6C39 /* Main.storyboard in Resources */ = {isa = PBXBuildFile; fileRef = 404009A41E2A658400DD6C39 /* Main.storyboard */; };
		404009A81E2A658400DD6C39 /* Assets.xcassets in Resources */ = {isa = PBXBuildFile; fileRef = 404009A71E2A658400DD6C39 /* Assets.xcassets */; };
		404009AB1E2A658400DD6C39 /* LaunchScreen.storyboard in Resources */ = {isa = PBXBuildFile; fileRef = 404009A91E2A658400DD6C39 /* LaunchScreen.storyboard */; };
		404009B61E2AF8D100DD6C39 /* SlideInPrensentationDelegate.swift in Sources */ = {isa = PBXBuildFile; fileRef = 404009B31E2AF8D100DD6C39 /* SlideInPrensentationDelegate.swift */; };
		404009B71E2AF8D100DD6C39 /* SlideInPresentationController.swift in Sources */ = {isa = PBXBuildFile; fileRef = 404009B41E2AF8D100DD6C39 /* SlideInPresentationController.swift */; };
		404009B81E2AF8D100DD6C39 /* SliderPresentationAnimator.swift in Sources */ = {isa = PBXBuildFile; fileRef = 404009B51E2AF8D100DD6C39 /* SliderPresentationAnimator.swift */; };
		404009BA1E2AF96B00DD6C39 /* MainHelper.swift in Sources */ = {isa = PBXBuildFile; fileRef = 404009B91E2AF96B00DD6C39 /* MainHelper.swift */; };
		404009BC1E2B05AB00DD6C39 /* DatePickerViewController.swift in Sources */ = {isa = PBXBuildFile; fileRef = 404009BB1E2B05AB00DD6C39 /* DatePickerViewController.swift */; };
/* End PBXBuildFile section */

/* Begin PBXFileReference section */
		4040099D1E2A658400DD6C39 /* MYSheetView.app */ = {isa = PBXFileReference; explicitFileType = wrapper.application; includeInIndex = 0; path = MYSheetView.app; sourceTree = BUILT_PRODUCTS_DIR; };
		404009A01E2A658400DD6C39 /* AppDelegate.swift */ = {isa = PBXFileReference; lastKnownFileType = sourcecode.swift; path = AppDelegate.swift; sourceTree = "<group>"; };
		404009A21E2A658400DD6C39 /* ViewController.swift */ = {isa = PBXFileReference; lastKnownFileType = sourcecode.swift; path = ViewController.swift; sourceTree = "<group>"; };
		404009A51E2A658400DD6C39 /* Base */ = {isa = PBXFileReference; lastKnownFileType = file.storyboard; name = Base; path = Base.lproj/Main.storyboard; sourceTree = "<group>"; };
		404009A71E2A658400DD6C39 /* Assets.xcassets */ = {isa = PBXFileReference; lastKnownFileType = folder.assetcatalog; path = Assets.xcassets; sourceTree = "<group>"; };
		404009AA1E2A658400DD6C39 /* Base */ = {isa = PBXFileReference; lastKnownFileType = file.storyboard; name = Base; path = Base.lproj/LaunchScreen.storyboard; sourceTree = "<group>"; };
		404009AC1E2A658400DD6C39 /* Info.plist */ = {isa = PBXFileReference; lastKnownFileType = text.plist.xml; path = Info.plist; sourceTree = "<group>"; };
		404009B31E2AF8D100DD6C39 /* SlideInPrensentationDelegate.swift */ = {isa = PBXFileReference; fileEncoding = 4; lastKnownFileType = sourcecode.swift; path = SlideInPrensentationDelegate.swift; sourceTree = "<group>"; };
		404009B41E2AF8D100DD6C39 /* SlideInPresentationController.swift */ = {isa = PBXFileReference; fileEncoding = 4; lastKnownFileType = sourcecode.swift; path = SlideInPresentationController.swift; sourceTree = "<group>"; };
		404009B51E2AF8D100DD6C39 /* SliderPresentationAnimator.swift */ = {isa = PBXFileReference; fileEncoding = 4; lastKnownFileType = sourcecode.swift; path = SliderPresentationAnimator.swift; sourceTree = "<group>"; };
		404009B91E2AF96B00DD6C39 /* MainHelper.swift */ = {isa = PBXFileReference; fileEncoding = 4; lastKnownFileType = sourcecode.swift; path = MainHelper.swift; sourceTree = "<group>"; };
		404009BB1E2B05AB00DD6C39 /* DatePickerViewController.swift */ = {isa = PBXFileReference; fileEncoding = 4; lastKnownFileType = sourcecode.swift; path = DatePickerViewController.swift; sourceTree = "<group>"; };
/* End PBXFileReference section */

/* Begin PBXFrameworksBuildPhase section */
		4040099A1E2A658400DD6C39 /* Frameworks */ = {
			isa = PBXFrameworksBuildPhase;
			buildActionMask = 2147483647;
			files = (
			);
			runOnlyForDeploymentPostprocessing = 0;
		};
/* End PBXFrameworksBuildPhase section */

/* Begin PBXGroup section */
		404009941E2A658400DD6C39 = {
			isa = PBXGroup;
			children = (
				4040099F1E2A658400DD6C39 /* MYSheetView */,
				4040099E1E2A658400DD6C39 /* Products */,
			);
			sourceTree = "<group>";
		};
		4040099E1E2A658400DD6C39 /* Products */ = {
			isa = PBXGroup;
			children = (
				4040099D1E2A658400DD6C39 /* MYSheetView.app */,
			);
			name = Products;
			sourceTree = "<group>";
		};
		4040099F1E2A658400DD6C39 /* MYSheetView */ = {
			isa = PBXGroup;
			children = (
				404009A01E2A658400DD6C39 /* AppDelegate.swift */,
				404009A71E2A658400DD6C39 /* Assets.xcassets */,
				404009A91E2A658400DD6C39 /* LaunchScreen.storyboard */,
				404009AC1E2A658400DD6C39 /* Info.plist */,
				404009A41E2A658400DD6C39 /* Main.storyboard */,
				404009B91E2AF96B00DD6C39 /* MainHelper.swift */,
				404009A21E2A658400DD6C39 /* ViewController.swift */,
				404009BB1E2B05AB00DD6C39 /* DatePickerViewController.swift */,
				404009B21E2AF8D100DD6C39 /* MYPresentation */,
			);
			path = MYSheetView;
			sourceTree = "<group>";
		};
		404009B21E2AF8D100DD6C39 /* MYPresentation */ = {
			isa = PBXGroup;
			children = (
				404009B31E2AF8D100DD6C39 /* SlideInPrensentationDelegate.swift */,
				404009B41E2AF8D100DD6C39 /* SlideInPresentationController.swift */,
				404009B51E2AF8D100DD6C39 /* SliderPresentationAnimator.swift */,
			);
			name = MYPresentation;
			path = MFPresentation;
			sourceTree = "<group>";
		};
/* End PBXGroup section */

/* Begin PBXNativeTarget section */
		4040099C1E2A658400DD6C39 /* MYSheetView */ = {
			isa = PBXNativeTarget;
			buildConfigurationList = 404009AF1E2A658400DD6C39 /* Build configuration list for PBXNativeTarget "MYSheetView" */;
			buildPhases = (
				404009991E2A658400DD6C39 /* Sources */,
				4040099A1E2A658400DD6C39 /* Frameworks */,
				4040099B1E2A658400DD6C39 /* Resources */,
			);
			buildRules = (
			);
			dependencies = (
			);
			name = MYSheetView;
			productName = MYSheetView;
			productReference = 4040099D1E2A658400DD6C39 /* MYSheetView.app */;
			productType = "com.apple.product-type.application";
		};
/* End PBXNativeTarget section */

/* Begin PBXProject section */
		404009951E2A658400DD6C39 /* Project object */ = {
			isa = PBXProject;
			attributes = {
				LastSwiftUpdateCheck = 0820;
				LastUpgradeCheck = 0820;
				ORGANIZATIONNAME = "朱益锋";
				TargetAttributes = {
					4040099C1E2A658400DD6C39 = {
						CreatedOnToolsVersion = 8.2.1;
						DevelopmentTeam = 6PV3E3Y4LF;
						ProvisioningStyle = Automatic;
					};
				};
			};
			buildConfigurationList = 404009981E2A658400DD6C39 /* Build configuration list for PBXProject "MYSheetView" */;
			compatibilityVersion = "Xcode 3.2";
			developmentRegion = English;
			hasScannedForEncodings = 0;
			knownRegions = (
				en,
				Base,
			);
			mainGroup = 404009941E2A658400DD6C39;
			productRefGroup = 4040099E1E2A658400DD6C39 /* Products */;
			projectDirPath = "";
			projectRoot = "";
			targets = (
				4040099C1E2A658400DD6C39 /* MYSheetView */,
			);
		};
/* End PBXProject section */

/* Begin PBXResourcesBuildPhase section */
		4040099B1E2A658400DD6C39 /* Resources */ = {
			isa = PBXResourcesBuildPhase;
			buildActionMask = 2147483647;
			files = (
				404009AB1E2A658400DD6C39 /* LaunchScreen.storyboard in Resources */,
				404009A81E2A658400DD6C39 /* Assets.xcassets in Resources */,
				404009A61E2A658400DD6C39 /* Main.storyboard in Resources */,
			);
			runOnlyForDeploymentPostprocessing = 0;
		};
/* End PBXResourcesBuildPhase section */

/* Begin PBXSourcesBuildPhase section */
		404009991E2A658400DD6C39 /* Sources */ = {
			isa = PBXSourcesBuildPhase;
			buildActionMask = 2147483647;
			files = (
				404009BA1E2AF96B00DD6C39 /* MainHelper.swift in Sources */,
				404009B61E2AF8D100DD6C39 /* SlideInPrensentationDelegate.swift in Sources */,
				404009BC1E2B05AB00DD6C39 /* DatePickerViewController.swift in Sources */,
				404009B81E2AF8D100DD6C39 /* SliderPresentationAnimator.swift in Sources */,
				404009A31E2A658400DD6C39 /* ViewController.swift in Sources */,
				404009A11E2A658400DD6C39 /* AppDelegate.swift in Sources */,
				404009B71E2AF8D100DD6C39 /* SlideInPresentationController.swift in Sources */,
			);
			runOnlyForDeploymentPostprocessing = 0;
		};
/* End PBXSourcesBuildPhase section */

/* Begin PBXVariantGroup section */
		404009A41E2A658400DD6C39 /* Main.storyboard */ = {
			isa = PBXVariantGroup;
			children = (
				404009A51E2A658400DD6C39 /* Base */,
			);
			name = Main.storyboard;
			sourceTree = "<group>";
		};
		404009A91E2A658400DD6C39 /* LaunchScreen.storyboard */ = {
			isa = PBXVariantGroup;
			children = (
				404009AA1E2A658400DD6C39 /* Base */,
			);
			name = LaunchScreen.storyboard;
			sourceTree = "<group>";
		};
/* End PBXVariantGroup section */

/* Begin XCBuildConfiguration section */
		404009AD1E2A658400DD6C39 /* Debug */ = {
			isa = XCBuildConfiguration;
			buildSettings = {
				ALWAYS_SEARCH_USER_PATHS = NO;
				CLANG_ANALYZER_NONNULL = YES;
				CLANG_CXX_LANGUAGE_STANDARD = "gnu++0x";
				CLANG_CXX_LIBRARY = "libc++";
				CLANG_ENABLE_MODULES = YES;
				CLANG_ENABLE_OBJC_ARC = YES;
				CLANG_WARN_BOOL_CONVERSION = YES;
				CLANG_WARN_CONSTANT_CONVERSION = YES;
				CLANG_WARN_DIRECT_OBJC_ISA_USAGE = YES_ERROR;
				CLANG_WARN_DOCUMENTATION_COMMENTS = YES;
				CLANG_WARN_EMPTY_BODY = YES;
				CLANG_WARN_ENUM_CONVERSION = YES;
				CLANG_WARN_INFINITE_RECURSION = YES;
				CLANG_WARN_INT_CONVERSION = YES;
				CLANG_WARN_OBJC_ROOT_CLASS = YES_ERROR;
				CLANG_WARN_SUSPICIOUS_MOVE = YES;
				CLANG_WARN_UNREACHABLE_CODE = YES;
				CLANG_WARN__DUPLICATE_METHOD_MATCH = YES;
				"CODE_SIGN_IDENTITY[sdk=iphoneos*]" = "iPhone Developer";
				COPY_PHASE_STRIP = NO;
				DEBUG_INFORMATION_FORMAT = dwarf;
				ENABLE_STRICT_OBJC_MSGSEND = YES;
				ENABLE_TESTABILITY = YES;
				GCC_C_LANGUAGE_STANDARD = gnu99;
				GCC_DYNAMIC_NO_PIC = NO;
				GCC_NO_COMMON_BLOCKS = YES;
				GCC_OPTIMIZATION_LEVEL = 0;
				GCC_PREPROCESSOR_DEFINITIONS = (
					"DEBUG=1",
					"$(inherited)",
				);
				GCC_WARN_64_TO_32_BIT_CONVERSION = YES;
				GCC_WARN_ABOUT_RETURN_TYPE = YES_ERROR;
				GCC_WARN_UNDECLARED_SELECTOR = YES;
				GCC_WARN_UNINITIALIZED_AUTOS = YES_AGGRESSIVE;
				GCC_WARN_UNUSED_FUNCTION = YES;
				GCC_WARN_UNUSED_VARIABLE = YES;
				IPHONEOS_DEPLOYMENT_TARGET = 10.2;
				MTL_ENABLE_DEBUG_INFO = YES;
				ONLY_ACTIVE_ARCH = YES;
				SDKROOT = iphoneos;
				SWIFT_ACTIVE_COMPILATION_CONDITIONS = DEBUG;
				SWIFT_OPTIMIZATION_LEVEL = "-Onone";
				TARGETED_DEVICE_FAMILY = "1,2";
			};
			name = Debug;
		};
		404009AE1E2A658400DD6C39 /* Release */ = {
			isa = XCBuildConfiguration;
			buildSettings = {
				ALWAYS_SEARCH_USER_PATHS = NO;
				CLANG_ANALYZER_NONNULL = YES;
				CLANG_CXX_LANGUAGE_STANDARD = "gnu++0x";
				CLANG_CXX_LIBRARY = "libc++";
				CLANG_ENABLE_MODULES = YES;
				CLANG_ENABLE_OBJC_ARC = YES;
				CLANG_WARN_BOOL_CONVERSION = YES;
				CLANG_WARN_CONSTANT_CONVERSION = YES;
				CLANG_WARN_DIRECT_OBJC_ISA_USAGE = YES_ERROR;
				CLANG_WARN_DOCUMENTATION_COMMENTS = YES;
				CLANG_WARN_EMPTY_BODY = YES;
				CLANG_WARN_ENUM_CONVERSION = YES;
				CLANG_WARN_INFINITE_RECURSION = YES;
				CLANG_WARN_INT_CONVERSION = YES;
				CLANG_WARN_OBJC_ROOT_CLASS = YES_ERROR;
				CLANG_WARN_SUSPICIOUS_MOVE = YES;
				CLANG_WARN_UNREACHABLE_CODE = YES;
				CLANG_WARN__DUPLICATE_METHOD_MATCH = YES;
				"CODE_SIGN_IDENTITY[sdk=iphoneos*]" = "iPhone Developer";
				COPY_PHASE_STRIP = NO;
				DEBUG_INFORMATION_FORMAT = "dwarf-with-dsym";
				ENABLE_NS_ASSERTIONS = NO;
				ENABLE_STRICT_OBJC_MSGSEND = YES;
				GCC_C_LANGUAGE_STANDARD = gnu99;
				GCC_NO_COMMON_BLOCKS = YES;
				GCC_WARN_64_TO_32_BIT_CONVERSION = YES;
				GCC_WARN_ABOUT_RETURN_TYPE = YES_ERROR;
				GCC_WARN_UNDECLARED_SELECTOR = YES;
				GCC_WARN_UNINITIALIZED_AUTOS = YES_AGGRESSIVE;
				GCC_WARN_UNUSED_FUNCTION = YES;
				GCC_WARN_UNUSED_VARIABLE = YES;
				IPHONEOS_DEPLOYMENT_TARGET = 10.2;
				MTL_ENABLE_DEBUG_INFO = NO;
				SDKROOT = iphoneos;
				SWIFT_OPTIMIZATION_LEVEL = "-Owholemodule";
				TARGETED_DEVICE_FAMILY = "1,2";
				VALIDATE_PRODUCT = YES;
			};
			name = Release;
		};
		404009B01E2A658400DD6C39 /* Debug */ = {
			isa = XCBuildConfiguration;
			buildSettings = {
				ASSETCATALOG_COMPILER_APPICON_NAME = AppIcon;
				DEVELOPMENT_TEAM = 6PV3E3Y4LF;
				INFOPLIST_FILE = MYSheetView/Info.plist;
				LD_RUNPATH_SEARCH_PATHS = "$(inherited) @executable_path/Frameworks";
				PRODUCT_BUNDLE_IDENTIFIER = com.zhuyifeng.MYSheetView;
				PRODUCT_NAME = "$(TARGET_NAME)";
				SWIFT_VERSION = 3.0;
			};
			name = Debug;
		};
		404009B11E2A658400DD6C39 /* Release */ = {
			isa = XCBuildConfiguration;
			buildSettings = {
				ASSETCATALOG_COMPILER_APPICON_NAME = AppIcon;
				DEVELOPMENT_TEAM = 6PV3E3Y4LF;
				INFOPLIST_FILE = MYSheetView/Info.plist;
				LD_RUNPATH_SEARCH_PATHS = "$(inherited) @executable_path/Frameworks";
				PRODUCT_BUNDLE_IDENTIFIER = com.zhuyifeng.MYSheetView;
				PRODUCT_NAME = "$(TARGET_NAME)";
				SWIFT_VERSION = 3.0;
			};
			name = Release;
		};
/* End XCBuildConfiguration section */

/* Begin XCConfigurationList section */
		404009981E2A658400DD6C39 /* Build configuration list for PBXProject "MYSheetView" */ = {
			isa = XCConfigurationList;
			buildConfigurations = (
				404009AD1E2A658400DD6C39 /* Debug */,
				404009AE1E2A658400DD6C39 /* Release */,
			);
			defaultConfigurationIsVisible = 0;
			defaultConfigurationName = Release;
		};
		404009AF1E2A658400DD6C39 /* Build configuration list for PBXNativeTarget "MYSheetView" */ = {
			isa = XCConfigurationList;
			buildConfigurations = (
				404009B01E2A658400DD6C39 /* Debug */,
				404009B11E2A658400DD6C39 /* Release */,
			);
			defaultConfigurationIsVisible = 0;
		};
/* End XCConfigurationList section */
	};
	rootObject = 404009951E2A658400DD6C39 /* Project object */;
}
